
Microsoft Visual Studio Solution File, Format Version 12.00
# Visual Studio Version 17
VisualStudioVersion = 17.7.34024.191
MinimumVisualStudioVersion = 10.0.40219.1
Project("{FAE04EC0-301F-11D3-BF4B-00C04F79EFBC}") = "TravelPal", "TravelPal\TravelPal.csproj", "{4DF19349-8FA0-4337-BA43-F38641AF706D}"
EndProject
Global
	GlobalSection(SolutionConfigurationPlatforms) = preSolution
		Debug|Any CPU = Debug|Any CPU
		Release|Any CPU = Release|Any CPU
	EndGlobalSection
	GlobalSection(ProjectConfigurationPlatforms) = postSolution
		{4DF19349-8FA0-4337-BA43-F38641AF706D}.Debug|Any CPU.ActiveCfg = Debug|Any CPU
		{4DF19349-8FA0-4337-BA43-F38641AF706D}.Debug|Any CPU.Build.0 = Debug|Any CPU
		{4DF19349-8FA0-4337-BA43-F38641AF706D}.Release|Any CPU.ActiveCfg = Release|Any CPU
		{4DF19349-8FA0-4337-BA43-F38641AF706D}.Release|Any CPU.Build.0 = Release|Any CPU
	EndGlobalSection
	GlobalSection(SolutionProperties) = preSolution
		HideSolutionNode = FALSE
	EndGlobalSection
	GlobalSection(ExtensibilityGlobals) = postSolution
		SolutionGuid = {4B007C9C-ECDF-4ADF-BD0A-8FC378B86D35}
	EndGlobalSection
EndGlobal
